
Microsoft Visual Studio Solution File, Format Version 12.00
Project("{FAE04EC0-301F-11D3-BF4B-00C04F79EFBC}") = "PokemonPocket", "PokemonPocket.csproj", "{AA237FBB-18E2-4E97-95B9-63C494B4FC33}"
EndProject
Project("{2150E333-8FDC-42A3-9474-1A3956D46DE8}") = "Repository Files", "Repository Files", "{ABC0BD66-8429-4A04-A5B8-CF50DF02E491}"
	ProjectSection(SolutionItems) = preProject
		LICENSE = LICENSE
		README.md = README.md
	EndProjectSection
EndProject
Global
	GlobalSection(SolutionConfigurationPlatforms) = preSolution
		Debug|Any CPU = Debug|Any CPU
		Release|Any CPU = Release|Any CPU
	EndGlobalSection
	GlobalSection(ProjectConfigurationPlatforms) = postSolution
		{AA237FBB-18E2-4E97-95B9-63C494B4FC33}.Debug|Any CPU.ActiveCfg = Debug|Any CPU
		{AA237FBB-18E2-4E97-95B9-63C494B4FC33}.Debug|Any CPU.Build.0 = Debug|Any CPU
		{AA237FBB-18E2-4E97-95B9-63C494B4FC33}.Release|Any CPU.ActiveCfg = Release|Any CPU
		{AA237FBB-18E2-4E97-95B9-63C494B4FC33}.Release|Any CPU.Build.0 = Release|Any CPU
	EndGlobalSection
EndGlobal
