
Microsoft Visual Studio Solution File, Format Version 12.00
Project("{FAE04EC0-301F-11D3-BF4B-00C04F79EFBC}") = "PokemonPocket", "PokemonPocket.csproj", "{BE7D84FE-986C-4C91-A69F-99E20996E19D}"
EndProject
Global
	GlobalSection(SolutionConfigurationPlatforms) = preSolution
		Debug|Any CPU = Debug|Any CPU
		Release|Any CPU = Release|Any CPU
	EndGlobalSection
	GlobalSection(ProjectConfigurationPlatforms) = postSolution
		{BE7D84FE-986C-4C91-A69F-99E20996E19D}.Debug|Any CPU.ActiveCfg = Debug|Any CPU
		{BE7D84FE-986C-4C91-A69F-99E20996E19D}.Debug|Any CPU.Build.0 = Debug|Any CPU
		{BE7D84FE-986C-4C91-A69F-99E20996E19D}.Release|Any CPU.ActiveCfg = Release|Any CPU
		{BE7D84FE-986C-4C91-A69F-99E20996E19D}.Release|Any CPU.Build.0 = Release|Any CPU
	EndGlobalSection
EndGlobal
